
Microsoft Visual Studio Solution File, Format Version 12.00
# Visual Studio Version 17
VisualStudioVersion = 17.11.35312.102
MinimumVisualStudioVersion = 10.0.40219.1
Project("{FAE04EC0-301F-11D3-BF4B-00C04F79EFBC}") = "Lecture_1-MainSubjects", "Lecture_1-MainSubjects\Lecture_1-MainSubjects.csproj", "{CCF9C6D3-8A39-4F24-AB9E-0A0763660A15}"
EndProject
Project("{FAE04EC0-301F-11D3-BF4B-00C04F79EFBC}") = "Lecture_2-Variables", "Lecture_2-Variables\Lecture_2-Variables.csproj", "{99DBED9A-5903-4576-B164-3268AA29E949}"
EndProject
Project("{FAE04EC0-301F-11D3-BF4B-00C04F79EFBC}") = "Lecture_3-MakingDecision", "Lecture_3-MakingDecision\Lecture_3-MakingDecision.csproj", "{3E716E50-A79C-46D2-94BD-E117FA70437F}"
EndProject
Project("{FAE04EC0-301F-11D3-BF4B-00C04F79EFBC}") = "Lecture_4-Loops", "Lecture_4-Loops\Lecture_4-Loops.csproj", "{7FCC4D33-5C16-497D-A3BA-FCB2C57D3249}"
EndProject
Project("{FAE04EC0-301F-11D3-BF4B-00C04F79EFBC}") = "Lecture_5-LoopsWithStars", "Lecture_5-LoopsWithStars\Lecture_5-LoopsWithStars.csproj", "{91FF268E-4F04-4BA4-891D-74E365202D2A}"
EndProject
Project("{FAE04EC0-301F-11D3-BF4B-00C04F79EFBC}") = "Lecture_6-Arrays", "Lecture_6-Arrays\Lecture_6-Arrays.csproj", "{BE51EADD-E3FA-439E-9D5D-D4E388FB25EB}"
EndProject
Global
	GlobalSection(SolutionConfigurationPlatforms) = preSolution
		Debug|Any CPU = Debug|Any CPU
		Release|Any CPU = Release|Any CPU
	EndGlobalSection
	GlobalSection(ProjectConfigurationPlatforms) = postSolution
		{CCF9C6D3-8A39-4F24-AB9E-0A0763660A15}.Debug|Any CPU.ActiveCfg = Debug|Any CPU
		{CCF9C6D3-8A39-4F24-AB9E-0A0763660A15}.Debug|Any CPU.Build.0 = Debug|Any CPU
		{CCF9C6D3-8A39-4F24-AB9E-0A0763660A15}.Release|Any CPU.ActiveCfg = Release|Any CPU
		{CCF9C6D3-8A39-4F24-AB9E-0A0763660A15}.Release|Any CPU.Build.0 = Release|Any CPU
		{99DBED9A-5903-4576-B164-3268AA29E949}.Debug|Any CPU.ActiveCfg = Debug|Any CPU
		{99DBED9A-5903-4576-B164-3268AA29E949}.Debug|Any CPU.Build.0 = Debug|Any CPU
		{99DBED9A-5903-4576-B164-3268AA29E949}.Release|Any CPU.ActiveCfg = Release|Any CPU
		{99DBED9A-5903-4576-B164-3268AA29E949}.Release|Any CPU.Build.0 = Release|Any CPU
		{3E716E50-A79C-46D2-94BD-E117FA70437F}.Debug|Any CPU.ActiveCfg = Debug|Any CPU
		{3E716E50-A79C-46D2-94BD-E117FA70437F}.Debug|Any CPU.Build.0 = Debug|Any CPU
		{3E716E50-A79C-46D2-94BD-E117FA70437F}.Release|Any CPU.ActiveCfg = Release|Any CPU
		{3E716E50-A79C-46D2-94BD-E117FA70437F}.Release|Any CPU.Build.0 = Release|Any CPU
		{7FCC4D33-5C16-497D-A3BA-FCB2C57D3249}.Debug|Any CPU.ActiveCfg = Debug|Any CPU
		{7FCC4D33-5C16-497D-A3BA-FCB2C57D3249}.Debug|Any CPU.Build.0 = Debug|Any CPU
		{7FCC4D33-5C16-497D-A3BA-FCB2C57D3249}.Release|Any CPU.ActiveCfg = Release|Any CPU
		{7FCC4D33-5C16-497D-A3BA-FCB2C57D3249}.Release|Any CPU.Build.0 = Release|Any CPU
		{91FF268E-4F04-4BA4-891D-74E365202D2A}.Debug|Any CPU.ActiveCfg = Debug|Any CPU
		{91FF268E-4F04-4BA4-891D-74E365202D2A}.Debug|Any CPU.Build.0 = Debug|Any CPU
		{91FF268E-4F04-4BA4-891D-74E365202D2A}.Release|Any CPU.ActiveCfg = Release|Any CPU
		{91FF268E-4F04-4BA4-891D-74E365202D2A}.Release|Any CPU.Build.0 = Release|Any CPU
		{BE51EADD-E3FA-439E-9D5D-D4E388FB25EB}.Debug|Any CPU.ActiveCfg = Debug|Any CPU
		{BE51EADD-E3FA-439E-9D5D-D4E388FB25EB}.Debug|Any CPU.Build.0 = Debug|Any CPU
		{BE51EADD-E3FA-439E-9D5D-D4E388FB25EB}.Release|Any CPU.ActiveCfg = Release|Any CPU
		{BE51EADD-E3FA-439E-9D5D-D4E388FB25EB}.Release|Any CPU.Build.0 = Release|Any CPU
	EndGlobalSection
	GlobalSection(SolutionProperties) = preSolution
		HideSolutionNode = FALSE
	EndGlobalSection
	GlobalSection(ExtensibilityGlobals) = postSolution
		SolutionGuid = {AC9FC770-7447-4A07-85DE-F6B09B3BC94E}
	EndGlobalSection
EndGlobal
