
Microsoft Visual Studio Solution File, Format Version 12.00
# Visual Studio Version 17
VisualStudioVersion = 17.11.35312.102
MinimumVisualStudioVersion = 10.0.40219.1
Project("{FAE04EC0-301F-11D3-BF4B-00C04F79EFBC}") = "Lecture_01-MainSubjects", "Lecture_01-MainSubjects\Lecture_01-MainSubjects.csproj", "{CCF9C6D3-8A39-4F24-AB9E-0A0763660A15}"
EndProject
Project("{FAE04EC0-301F-11D3-BF4B-00C04F79EFBC}") = "Lecture_02-Variables", "Lecture_02-Variables\Lecture_02-Variables.csproj", "{99DBED9A-5903-4576-B164-3268AA29E949}"
EndProject
Project("{FAE04EC0-301F-11D3-BF4B-00C04F79EFBC}") = "Lecture_03-MakingDecision", "Lecture_03-MakingDecision\Lecture_03-MakingDecision.csproj", "{3E716E50-A79C-46D2-94BD-E117FA70437F}"
EndProject
Project("{FAE04EC0-301F-11D3-BF4B-00C04F79EFBC}") = "Lecture_04-Loops", "Lecture_04-Loops\Lecture_04-Loops.csproj", "{7FCC4D33-5C16-497D-A3BA-FCB2C57D3249}"
EndProject
Project("{FAE04EC0-301F-11D3-BF4B-00C04F79EFBC}") = "Lecture_05-LoopsWithStars", "Lecture_05-LoopsWithStars\Lecture_05-LoopsWithStars.csproj", "{91FF268E-4F04-4BA4-891D-74E365202D2A}"
EndProject
Project("{FAE04EC0-301F-11D3-BF4B-00C04F79EFBC}") = "Lecture_06-Arrays", "Lecture_06-Arrays\Lecture_06-Arrays.csproj", "{BE51EADD-E3FA-439E-9D5D-D4E388FB25EB}"
EndProject
Project("{FAE04EC0-301F-11D3-BF4B-00C04F79EFBC}") = "Lecture_07-Foreach", "Lecture_07-Foreach\Lecture_07-Foreach.csproj", "{0A0DEE1D-770D-4A54-8FDC-91A75915D130}"
EndProject
Project("{FAE04EC0-301F-11D3-BF4B-00C04F79EFBC}") = "Lecture_08-Methods", "Lecture_08-Methods\Lecture_08-Methods.csproj", "{6F42AB53-6859-4EEC-80B6-85A6799DDCF0}"
EndProject
Project("{FAE04EC0-301F-11D3-BF4B-00C04F79EFBC}") = "Lecture_09-DatabaseProject", "Lecture_09-DatabaseProject\Lecture_09-DatabaseProject.csproj", "{255B923F-51E7-4CDB-8C90-5EA4BC47D02A}"
EndProject
Project("{FAE04EC0-301F-11D3-BF4B-00C04F79EFBC}") = "Lecture_10-DatabaseCrud", "Lecture_10-DatabaseCrud\Lecture_10-DatabaseCrud.csproj", "{BCFDDB33-E4A7-4053-91E7-BBA5A0B43ACD}"
EndProject
Project("{2150E333-8FDC-42A3-9474-1A3956D46DE8}") = "Lecture_11-OOP", "Lecture_11-OOP", "{39818A61-C4AF-499D-8419-DCCD1606B5AF}"
EndProject
Project("{FAE04EC0-301F-11D3-BF4B-00C04F79EFBC}") = "EntityLayer", "Lecture_11-OOP\EntityLayer\EntityLayer.csproj", "{843ECFEC-8D9D-4DAA-9EE3-6B06F03B354E}"
EndProject
Project("{FAE04EC0-301F-11D3-BF4B-00C04F79EFBC}") = "DataAccessLayer", "Lecture_11-OOP\DataAccessLayer\DataAccessLayer.csproj", "{2D4604AD-1E36-4DC9-8874-3BC97653FE2A}"
EndProject
Project("{FAE04EC0-301F-11D3-BF4B-00C04F79EFBC}") = "BusinessLayer", "Lecture_11-OOP\BusinessLayer\BusinessLayer.csproj", "{7E0A212F-917B-49A4-90A4-D13EBA41F840}"
EndProject
Project("{FAE04EC0-301F-11D3-BF4B-00C04F79EFBC}") = "PresentationLayer", "Lecture_11-OOP\PresentationLayer\PresentationLayer.csproj", "{0EBAEC84-B64D-4E7C-A7C0-969BD2945171}"
EndProject
Project("{FAE04EC0-301F-11D3-BF4B-00C04F79EFBC}") = "Lecture_14-EntityFramework", "Lecture_14-EntityFramework\Lecture_14-EntityFramework.csproj", "{2F8E7335-6696-44EE-B223-1C21362E6B27}"
EndProject
Project("{FAE04EC0-301F-11D3-BF4B-00C04F79EFBC}") = "Lecture_22-Dapper", "Lecture_22-Dapper\Lecture_22-Dapper.csproj", "{23D0DC12-82FE-453B-82C9-1092848C80E4}"
EndProject
Project("{FAE04EC0-301F-11D3-BF4B-00C04F79EFBC}") = "Lecture_24-MongoDb", "Lecture_24-MongoDb\Lecture_24-MongoDb.csproj", "{4AEAB027-D570-463A-953A-4A17080C9E5A}"
EndProject
Project("{FAE04EC0-301F-11D3-BF4B-00C04F79EFBC}") = "Lecture_26-PostgreSQL", "Lecture_26-PostgreSQL\Lecture_26-PostgreSQL.csproj", "{5EC40DF3-B56F-4A44-A55B-6419CC934C9E}"
EndProject
Global
	GlobalSection(SolutionConfigurationPlatforms) = preSolution
		Debug|Any CPU = Debug|Any CPU
		Release|Any CPU = Release|Any CPU
	EndGlobalSection
	GlobalSection(ProjectConfigurationPlatforms) = postSolution
		{CCF9C6D3-8A39-4F24-AB9E-0A0763660A15}.Debug|Any CPU.ActiveCfg = Debug|Any CPU
		{CCF9C6D3-8A39-4F24-AB9E-0A0763660A15}.Debug|Any CPU.Build.0 = Debug|Any CPU
		{CCF9C6D3-8A39-4F24-AB9E-0A0763660A15}.Release|Any CPU.ActiveCfg = Release|Any CPU
		{CCF9C6D3-8A39-4F24-AB9E-0A0763660A15}.Release|Any CPU.Build.0 = Release|Any CPU
		{99DBED9A-5903-4576-B164-3268AA29E949}.Debug|Any CPU.ActiveCfg = Debug|Any CPU
		{99DBED9A-5903-4576-B164-3268AA29E949}.Debug|Any CPU.Build.0 = Debug|Any CPU
		{99DBED9A-5903-4576-B164-3268AA29E949}.Release|Any CPU.ActiveCfg = Release|Any CPU
		{99DBED9A-5903-4576-B164-3268AA29E949}.Release|Any CPU.Build.0 = Release|Any CPU
		{3E716E50-A79C-46D2-94BD-E117FA70437F}.Debug|Any CPU.ActiveCfg = Debug|Any CPU
		{3E716E50-A79C-46D2-94BD-E117FA70437F}.Debug|Any CPU.Build.0 = Debug|Any CPU
		{3E716E50-A79C-46D2-94BD-E117FA70437F}.Release|Any CPU.ActiveCfg = Release|Any CPU
		{3E716E50-A79C-46D2-94BD-E117FA70437F}.Release|Any CPU.Build.0 = Release|Any CPU
		{7FCC4D33-5C16-497D-A3BA-FCB2C57D3249}.Debug|Any CPU.ActiveCfg = Debug|Any CPU
		{7FCC4D33-5C16-497D-A3BA-FCB2C57D3249}.Debug|Any CPU.Build.0 = Debug|Any CPU
		{7FCC4D33-5C16-497D-A3BA-FCB2C57D3249}.Release|Any CPU.ActiveCfg = Release|Any CPU
		{7FCC4D33-5C16-497D-A3BA-FCB2C57D3249}.Release|Any CPU.Build.0 = Release|Any CPU
		{91FF268E-4F04-4BA4-891D-74E365202D2A}.Debug|Any CPU.ActiveCfg = Debug|Any CPU
		{91FF268E-4F04-4BA4-891D-74E365202D2A}.Debug|Any CPU.Build.0 = Debug|Any CPU
		{91FF268E-4F04-4BA4-891D-74E365202D2A}.Release|Any CPU.ActiveCfg = Release|Any CPU
		{91FF268E-4F04-4BA4-891D-74E365202D2A}.Release|Any CPU.Build.0 = Release|Any CPU
		{BE51EADD-E3FA-439E-9D5D-D4E388FB25EB}.Debug|Any CPU.ActiveCfg = Debug|Any CPU
		{BE51EADD-E3FA-439E-9D5D-D4E388FB25EB}.Debug|Any CPU.Build.0 = Debug|Any CPU
		{BE51EADD-E3FA-439E-9D5D-D4E388FB25EB}.Release|Any CPU.ActiveCfg = Release|Any CPU
		{BE51EADD-E3FA-439E-9D5D-D4E388FB25EB}.Release|Any CPU.Build.0 = Release|Any CPU
		{0A0DEE1D-770D-4A54-8FDC-91A75915D130}.Debug|Any CPU.ActiveCfg = Debug|Any CPU
		{0A0DEE1D-770D-4A54-8FDC-91A75915D130}.Debug|Any CPU.Build.0 = Debug|Any CPU
		{0A0DEE1D-770D-4A54-8FDC-91A75915D130}.Release|Any CPU.ActiveCfg = Release|Any CPU
		{0A0DEE1D-770D-4A54-8FDC-91A75915D130}.Release|Any CPU.Build.0 = Release|Any CPU
		{6F42AB53-6859-4EEC-80B6-85A6799DDCF0}.Debug|Any CPU.ActiveCfg = Debug|Any CPU
		{6F42AB53-6859-4EEC-80B6-85A6799DDCF0}.Debug|Any CPU.Build.0 = Debug|Any CPU
		{6F42AB53-6859-4EEC-80B6-85A6799DDCF0}.Release|Any CPU.ActiveCfg = Release|Any CPU
		{6F42AB53-6859-4EEC-80B6-85A6799DDCF0}.Release|Any CPU.Build.0 = Release|Any CPU
		{255B923F-51E7-4CDB-8C90-5EA4BC47D02A}.Debug|Any CPU.ActiveCfg = Debug|Any CPU
		{255B923F-51E7-4CDB-8C90-5EA4BC47D02A}.Debug|Any CPU.Build.0 = Debug|Any CPU
		{255B923F-51E7-4CDB-8C90-5EA4BC47D02A}.Release|Any CPU.ActiveCfg = Release|Any CPU
		{255B923F-51E7-4CDB-8C90-5EA4BC47D02A}.Release|Any CPU.Build.0 = Release|Any CPU
		{BCFDDB33-E4A7-4053-91E7-BBA5A0B43ACD}.Debug|Any CPU.ActiveCfg = Debug|Any CPU
		{BCFDDB33-E4A7-4053-91E7-BBA5A0B43ACD}.Debug|Any CPU.Build.0 = Debug|Any CPU
		{BCFDDB33-E4A7-4053-91E7-BBA5A0B43ACD}.Release|Any CPU.ActiveCfg = Release|Any CPU
		{BCFDDB33-E4A7-4053-91E7-BBA5A0B43ACD}.Release|Any CPU.Build.0 = Release|Any CPU
		{843ECFEC-8D9D-4DAA-9EE3-6B06F03B354E}.Debug|Any CPU.ActiveCfg = Debug|Any CPU
		{843ECFEC-8D9D-4DAA-9EE3-6B06F03B354E}.Debug|Any CPU.Build.0 = Debug|Any CPU
		{843ECFEC-8D9D-4DAA-9EE3-6B06F03B354E}.Release|Any CPU.ActiveCfg = Release|Any CPU
		{843ECFEC-8D9D-4DAA-9EE3-6B06F03B354E}.Release|Any CPU.Build.0 = Release|Any CPU
		{2D4604AD-1E36-4DC9-8874-3BC97653FE2A}.Debug|Any CPU.ActiveCfg = Debug|Any CPU
		{2D4604AD-1E36-4DC9-8874-3BC97653FE2A}.Debug|Any CPU.Build.0 = Debug|Any CPU
		{2D4604AD-1E36-4DC9-8874-3BC97653FE2A}.Release|Any CPU.ActiveCfg = Release|Any CPU
		{2D4604AD-1E36-4DC9-8874-3BC97653FE2A}.Release|Any CPU.Build.0 = Release|Any CPU
		{7E0A212F-917B-49A4-90A4-D13EBA41F840}.Debug|Any CPU.ActiveCfg = Debug|Any CPU
		{7E0A212F-917B-49A4-90A4-D13EBA41F840}.Debug|Any CPU.Build.0 = Debug|Any CPU
		{7E0A212F-917B-49A4-90A4-D13EBA41F840}.Release|Any CPU.ActiveCfg = Release|Any CPU
		{7E0A212F-917B-49A4-90A4-D13EBA41F840}.Release|Any CPU.Build.0 = Release|Any CPU
		{0EBAEC84-B64D-4E7C-A7C0-969BD2945171}.Debug|Any CPU.ActiveCfg = Debug|Any CPU
		{0EBAEC84-B64D-4E7C-A7C0-969BD2945171}.Debug|Any CPU.Build.0 = Debug|Any CPU
		{0EBAEC84-B64D-4E7C-A7C0-969BD2945171}.Release|Any CPU.ActiveCfg = Release|Any CPU
		{0EBAEC84-B64D-4E7C-A7C0-969BD2945171}.Release|Any CPU.Build.0 = Release|Any CPU
		{2F8E7335-6696-44EE-B223-1C21362E6B27}.Debug|Any CPU.ActiveCfg = Debug|Any CPU
		{2F8E7335-6696-44EE-B223-1C21362E6B27}.Debug|Any CPU.Build.0 = Debug|Any CPU
		{2F8E7335-6696-44EE-B223-1C21362E6B27}.Release|Any CPU.ActiveCfg = Release|Any CPU
		{2F8E7335-6696-44EE-B223-1C21362E6B27}.Release|Any CPU.Build.0 = Release|Any CPU
		{23D0DC12-82FE-453B-82C9-1092848C80E4}.Debug|Any CPU.ActiveCfg = Debug|Any CPU
		{23D0DC12-82FE-453B-82C9-1092848C80E4}.Debug|Any CPU.Build.0 = Debug|Any CPU
		{23D0DC12-82FE-453B-82C9-1092848C80E4}.Release|Any CPU.ActiveCfg = Release|Any CPU
		{23D0DC12-82FE-453B-82C9-1092848C80E4}.Release|Any CPU.Build.0 = Release|Any CPU
		{4AEAB027-D570-463A-953A-4A17080C9E5A}.Debug|Any CPU.ActiveCfg = Debug|Any CPU
		{4AEAB027-D570-463A-953A-4A17080C9E5A}.Debug|Any CPU.Build.0 = Debug|Any CPU
		{4AEAB027-D570-463A-953A-4A17080C9E5A}.Release|Any CPU.ActiveCfg = Release|Any CPU
		{4AEAB027-D570-463A-953A-4A17080C9E5A}.Release|Any CPU.Build.0 = Release|Any CPU
		{5EC40DF3-B56F-4A44-A55B-6419CC934C9E}.Debug|Any CPU.ActiveCfg = Debug|Any CPU
		{5EC40DF3-B56F-4A44-A55B-6419CC934C9E}.Debug|Any CPU.Build.0 = Debug|Any CPU
		{5EC40DF3-B56F-4A44-A55B-6419CC934C9E}.Release|Any CPU.ActiveCfg = Release|Any CPU
		{5EC40DF3-B56F-4A44-A55B-6419CC934C9E}.Release|Any CPU.Build.0 = Release|Any CPU
	EndGlobalSection
	GlobalSection(SolutionProperties) = preSolution
		HideSolutionNode = FALSE
	EndGlobalSection
	GlobalSection(NestedProjects) = preSolution
		{843ECFEC-8D9D-4DAA-9EE3-6B06F03B354E} = {39818A61-C4AF-499D-8419-DCCD1606B5AF}
		{2D4604AD-1E36-4DC9-8874-3BC97653FE2A} = {39818A61-C4AF-499D-8419-DCCD1606B5AF}
		{7E0A212F-917B-49A4-90A4-D13EBA41F840} = {39818A61-C4AF-499D-8419-DCCD1606B5AF}
		{0EBAEC84-B64D-4E7C-A7C0-969BD2945171} = {39818A61-C4AF-499D-8419-DCCD1606B5AF}
	EndGlobalSection
	GlobalSection(ExtensibilityGlobals) = postSolution
		SolutionGuid = {AC9FC770-7447-4A07-85DE-F6B09B3BC94E}
	EndGlobalSection
EndGlobal
